
Microsoft Visual Studio Solution File, Format Version 12.00
# Visual Studio Version 17
VisualStudioVersion = 17.5.33502.453
MinimumVisualStudioVersion = 10.0.40219.1
Project("{FAE04EC0-301F-11D3-BF4B-00C04F79EFBC}") = "Hemsida_ASP.NET", "Hemsida_ASP.NET\Hemsida_ASP.NET.csproj", "{FB18B0A2-EDE2-4C94-896A-4957180C234A}"
EndProject
Global
	GlobalSection(SolutionConfigurationPlatforms) = preSolution
		Debug|Any CPU = Debug|Any CPU
		Release|Any CPU = Release|Any CPU
	EndGlobalSection
	GlobalSection(ProjectConfigurationPlatforms) = postSolution
		{FB18B0A2-EDE2-4C94-896A-4957180C234A}.Debug|Any CPU.ActiveCfg = Debug|Any CPU
		{FB18B0A2-EDE2-4C94-896A-4957180C234A}.Debug|Any CPU.Build.0 = Debug|Any CPU
		{FB18B0A2-EDE2-4C94-896A-4957180C234A}.Release|Any CPU.ActiveCfg = Release|Any CPU
		{FB18B0A2-EDE2-4C94-896A-4957180C234A}.Release|Any CPU.Build.0 = Release|Any CPU
	EndGlobalSection
	GlobalSection(SolutionProperties) = preSolution
		HideSolutionNode = FALSE
	EndGlobalSection
	GlobalSection(ExtensibilityGlobals) = postSolution
		SolutionGuid = {6925E33F-37B4-40D5-85AA-F7CC859B9075}
	EndGlobalSection
EndGlobal
